{
  "name": "mytrial",
  "lockfileVersion": 3,
  "requires": true,
  "packages": {
    "": {
      "dependencies": {
        "@swc/core": "^1.3.63",
        "@swc/wasm": "^1.3.63"
      }
    },
    "node_modules/@swc/core": {
      "version": "1.3.63",
      "resolved": "https://registry.npmjs.org/@swc/core/-/core-1.3.63.tgz",
      "integrity": "sha512-mNRMr0xcqkvnC1a/H7rpMtbIjq7KKy4XaW/+zj3+w9cH5g72eMo3ADNHE03zHoqPn+Ov3szzFOMHT6rgJlRxow==",
      "hasInstallScript": true,
      "engines": {
        "node": ">=10"
      },
      "funding": {
        "type": "opencollective",
        "url": "https://opencollective.com/swc"
      },
      "optionalDependencies": {
        "@swc/core-darwin-arm64": "1.3.63",
        "@swc/core-darwin-x64": "1.3.63",
        "@swc/core-linux-arm-gnueabihf": "1.3.63",
        "@swc/core-linux-arm64-gnu": "1.3.63",
        "@swc/core-linux-arm64-musl": "1.3.63",
        "@swc/core-linux-x64-gnu": "1.3.63",
        "@swc/core-linux-x64-musl": "1.3.63",
        "@swc/core-win32-arm64-msvc": "1.3.63",
        "@swc/core-win32-ia32-msvc": "1.3.63",
        "@swc/core-win32-x64-msvc": "1.3.63"
      },
      "peerDependencies": {
        "@swc/helpers": "^0.5.0"
      },
      "peerDependenciesMeta": {
        "@swc/helpers": {
          "optional": true
        }
      }
    },
    "node_modules/@swc/core-darwin-arm64": {
      "version": "1.3.63",
      "resolved": "https://registry.npmjs.org/@swc/core-darwin-arm64/-/core-darwin-arm64-1.3.63.tgz",
      "integrity": "sha512-lNR0BgG0/6dGpGP+AyFZoZ3YBhZN5GzvgAUzwy4skqn5sKZ7duQD02CNq1lIy7Im5BzgMUcJ+/Z7z/YUlqBK+Q==",
      "cpu": [
        "arm64"
      ],
      "optional": true,
      "os": [
        "darwin"
      ],
      "engines": {
        "node": ">=10"
      }
    },
    "node_modules/@swc/core-darwin-x64": {
      "version": "1.3.63",
      "resolved": "https://registry.npmjs.org/@swc/core-darwin-x64/-/core-darwin-x64-1.3.63.tgz",
      "integrity": "sha512-1lydnc+LgSD0gwD1axW3+Y1htKZZRn33aJF4ITd6hsA9Y2eIhdMVxgx6peXp8wWzoRBXy5GEMTnd7704oya4zw==",
      "cpu": [
        "x64"
      ],
      "optional": true,
      "os": [
        "darwin"
      ],
      "engines": {
        "node": ">=10"
      }
    },
    "node_modules/@swc/core-linux-arm-gnueabihf": {
      "version": "1.3.63",
      "resolved": "https://registry.npmjs.org/@swc/core-linux-arm-gnueabihf/-/core-linux-arm-gnueabihf-1.3.63.tgz",
      "integrity": "sha512-cJT+XJ6f25QeAcz2ONy1i8WKP6olqOIbU5fHZKsoPqEZmLkK5NCTnmIolT0HZpH1SNkE/hHkPYGn620Domvn8g==",
      "cpu": [
        "arm"
      ],
      "optional": true,
      "os": [
        "linux"
      ],
      "engines": {
        "node": ">=10"
      }
    },
    "node_modules/@swc/core-linux-arm64-gnu": {
      "version": "1.3.63",
      "resolved": "https://registry.npmjs.org/@swc/core-linux-arm64-gnu/-/core-linux-arm64-gnu-1.3.63.tgz",
      "integrity": "sha512-xtuk0v/86i0UR6G+5X6l3bgP1I1iWlEI23ad44L0FNrZ8wLLEvVzYuVoI6U5fKbp91LAsVpdWyyvSAo1sT7BWQ==",
      "cpu": [
        "arm64"
      ],
      "optional": true,
      "os": [
        "linux"
      ],
      "engines": {
        "node": ">=10"
      }
    },
    "node_modules/@swc/core-linux-arm64-musl": {
      "version": "1.3.63",
      "resolved": "https://registry.npmjs.org/@swc/core-linux-arm64-musl/-/core-linux-arm64-musl-1.3.63.tgz",
      "integrity": "sha512-AIRqE/3659zt5hfZzj3i/xtJbJl1iz9FcYEGUsIqqrxouqZWNbFujQpIguX4qFI7uoM+m6p6pqLjMmArwErRxQ==",
      "cpu": [
        "arm64"
      ],
      "optional": true,
      "os": [
        "linux"
      ],
      "engines": {
        "node": ">=10"
      }
    },
    "node_modules/@swc/core-linux-x64-gnu": {
      "version": "1.3.63",
      "resolved": "https://registry.npmjs.org/@swc/core-linux-x64-gnu/-/core-linux-x64-gnu-1.3.63.tgz",
      "integrity": "sha512-EAB5gkgDvStJofvdQU40hqEqjtSvtPs3PR0WupZtbLKWWCTWg76uTXQZEKNYx9r60Pt7sx1BAa3XnqgXjmcjDg==",
      "cpu": [
        "x64"
      ],
      "optional": true,
      "os": [
        "linux"
      ],
      "engines": {
        "node": ">=10"
      }
    },
    "node_modules/@swc/core-linux-x64-musl": {
      "version": "1.3.63",
      "resolved": "https://registry.npmjs.org/@swc/core-linux-x64-musl/-/core-linux-x64-musl-1.3.63.tgz",
      "integrity": "sha512-8ScbtDPd8Hr1VkpzCseI5H770YgxxjTFsxinH9UtJWJBFIkdu2rEwjgz4t+lDjsc/R3JWaKt1q8Dkgzqmj+77g==",
      "cpu": [
        "x64"
      ],
      "optional": true,
      "os": [
        "linux"
      ],
      "engines": {
        "node": ">=10"
      }
    },
    "node_modules/@swc/core-win32-arm64-msvc": {
      "version": "1.3.63",
      "resolved": "https://registry.npmjs.org/@swc/core-win32-arm64-msvc/-/core-win32-arm64-msvc-1.3.63.tgz",
      "integrity": "sha512-+41tEugXJjpK04KIb2+Xlpb1NArhIne4u0NQo+cHb6ekJoqQmgIj3uNJhQ0v+0DDMjFqbA07l0KYNMgYLBls/A==",
      "cpu": [
        "arm64"
      ],
      "optional": true,
      "os": [
        "win32"
      ],
      "engines": {
        "node": ">=10"
      }
    },
    "node_modules/@swc/core-win32-ia32-msvc": {
      "version": "1.3.63",
      "resolved": "https://registry.npmjs.org/@swc/core-win32-ia32-msvc/-/core-win32-ia32-msvc-1.3.63.tgz",
      "integrity": "sha512-W6nPOD5k++rSmoAb0Jg0h7gyfjly8b5ld7cSnmrWKXfmjgxOqxcoqP2LlzNkamg320eqkGaD9n+UnPJDteLTBw==",
      "cpu": [
        "ia32"
      ],
      "optional": true,
      "os": [
        "win32"
      ],
      "engines": {
        "node": ">=10"
      }
    },
    "node_modules/@swc/core-win32-x64-msvc": {
      "version": "1.3.63",
      "resolved": "https://registry.npmjs.org/@swc/core-win32-x64-msvc/-/core-win32-x64-msvc-1.3.63.tgz",
      "integrity": "sha512-MHNCF3GWtlKZL3vNhMiCrtM4gBHqAv0Iw38bLoJRagh1Q/UDNVjNzWhgngCno9NUQodMtCo6G7iTQilW7YaAQQ==",
      "cpu": [
        "x64"
      ],
      "optional": true,
      "os": [
        "win32"
      ],
      "engines": {
        "node": ">=10"
      }
    },
    "node_modules/@swc/wasm": {
      "version": "1.3.63",
      "resolved": "https://registry.npmjs.org/@swc/wasm/-/wasm-1.3.63.tgz",
      "integrity": "sha512-J4TBoP1NBH7ud/5d5NuwCQBdJ/jAn6Wt7YfF5/eHCGgAJ8acKf1AhVQ2hS6zaTsNiqw2kSbT00QDMY8acp7wfw=="
    }
  }
}
